
Microsoft Visual Studio Solution File, Format Version 12.00
Project("{FAE04EC0-301F-11D3-BF4B-00C04F79EFBC}") = "CurrencyExchanger.Core", "src\CurrencyExchanger.Core\CurrencyExchanger.Core.csproj", "{98BCC245-B2B9-406F-8ED4-0E4DC8899A82}"
EndProject
Project("{FAE04EC0-301F-11D3-BF4B-00C04F79EFBC}") = "CurrencyExchanger.Infrastructure", "src\CurrencyExchanger.Infrastructure\CurrencyExchanger.Infrastructure.csproj", "{B94BDAD1-C570-427C-A9A6-4C5FB595AFC1}"
EndProject
Project("{FAE04EC0-301F-11D3-BF4B-00C04F79EFBC}") = "CurrencyExchanger.Api", "src\CurrencyExchanger.Api\CurrencyExchanger.Api.csproj", "{EFDA89C3-4B3F-4B0D-839B-2A86BA0C0BCC}"
EndProject
Project("{FAE04EC0-301F-11D3-BF4B-00C04F79EFBC}") = "CurrencyExchanger.UnitTests", "src\CurrencyExchanger.UnitTests\CurrencyExchanger.UnitTests.csproj", "{588B480F-1895-4BBC-827B-B31AD8B8E0D5}"
EndProject
Global
	GlobalSection(SolutionConfigurationPlatforms) = preSolution
		Debug|Any CPU = Debug|Any CPU
		Release|Any CPU = Release|Any CPU
	EndGlobalSection
	GlobalSection(ProjectConfigurationPlatforms) = postSolution
		{98BCC245-B2B9-406F-8ED4-0E4DC8899A82}.Debug|Any CPU.ActiveCfg = Debug|Any CPU
		{98BCC245-B2B9-406F-8ED4-0E4DC8899A82}.Debug|Any CPU.Build.0 = Debug|Any CPU
		{98BCC245-B2B9-406F-8ED4-0E4DC8899A82}.Release|Any CPU.ActiveCfg = Release|Any CPU
		{98BCC245-B2B9-406F-8ED4-0E4DC8899A82}.Release|Any CPU.Build.0 = Release|Any CPU
		{B94BDAD1-C570-427C-A9A6-4C5FB595AFC1}.Debug|Any CPU.ActiveCfg = Debug|Any CPU
		{B94BDAD1-C570-427C-A9A6-4C5FB595AFC1}.Debug|Any CPU.Build.0 = Debug|Any CPU
		{B94BDAD1-C570-427C-A9A6-4C5FB595AFC1}.Release|Any CPU.ActiveCfg = Release|Any CPU
		{B94BDAD1-C570-427C-A9A6-4C5FB595AFC1}.Release|Any CPU.Build.0 = Release|Any CPU
		{EFDA89C3-4B3F-4B0D-839B-2A86BA0C0BCC}.Debug|Any CPU.ActiveCfg = Debug|Any CPU
		{EFDA89C3-4B3F-4B0D-839B-2A86BA0C0BCC}.Debug|Any CPU.Build.0 = Debug|Any CPU
		{EFDA89C3-4B3F-4B0D-839B-2A86BA0C0BCC}.Release|Any CPU.ActiveCfg = Release|Any CPU
		{EFDA89C3-4B3F-4B0D-839B-2A86BA0C0BCC}.Release|Any CPU.Build.0 = Release|Any CPU
		{588B480F-1895-4BBC-827B-B31AD8B8E0D5}.Debug|Any CPU.ActiveCfg = Debug|Any CPU
		{588B480F-1895-4BBC-827B-B31AD8B8E0D5}.Debug|Any CPU.Build.0 = Debug|Any CPU
		{588B480F-1895-4BBC-827B-B31AD8B8E0D5}.Release|Any CPU.ActiveCfg = Release|Any CPU
		{588B480F-1895-4BBC-827B-B31AD8B8E0D5}.Release|Any CPU.Build.0 = Release|Any CPU
	EndGlobalSection
EndGlobal
